// !$*UTF8*$!
{
	archiveVersion = 1;
	classes = {
	};
	objectVersion = 46;
	objects = {

/* Begin PBXBuildFile section */
		C87C58FB1F3A62E4008A802C /* AppDelegate.swift in Sources */ = {isa = PBXBuildFile; fileRef = C87C58F21F3A62E4008A802C /* AppDelegate.swift */; };
		C87C58FC1F3A62E4008A802C /* Assets.xcassets in Resources */ = {isa = PBXBuildFile; fileRef = C87C58F31F3A62E4008A802C /* Assets.xcassets */; };
		C87C58FD1F3A62E4008A802C /* LaunchScreen.storyboard in Resources */ = {isa = PBXBuildFile; fileRef = C87C58F41F3A62E4008A802C /* LaunchScreen.storyboard */; };
		C87C58FE1F3A62E4008A802C /* Main.storyboard in Resources */ = {isa = PBXBuildFile; fileRef = C87C58F61F3A62E4008A802C /* Main.storyboard */; };
		C87C59011F3A62E4008A802C /* ViewController.swift in Sources */ = {isa = PBXBuildFile; fileRef = C87C58FA1F3A62E4008A802C /* ViewController.swift */; };
		C8813A781F3E648B004B8472 /* CircularSlider.swift in Sources */ = {isa = PBXBuildFile; fileRef = C8813A771F3E648B004B8472 /* CircularSlider.swift */; };
/* End PBXBuildFile section */

/* Begin PBXFileReference section */
		C877292F1F21625800A411BA /* CircularSlider.app */ = {isa = PBXFileReference; explicitFileType = wrapper.application; includeInIndex = 0; path = CircularSlider.app; sourceTree = BUILT_PRODUCTS_DIR; };
		C87C58F21F3A62E4008A802C /* AppDelegate.swift */ = {isa = PBXFileReference; fileEncoding = 4; lastKnownFileType = sourcecode.swift; path = AppDelegate.swift; sourceTree = "<group>"; };
		C87C58F31F3A62E4008A802C /* Assets.xcassets */ = {isa = PBXFileReference; lastKnownFileType = folder.assetcatalog; path = Assets.xcassets; sourceTree = "<group>"; };
		C87C58F51F3A62E4008A802C /* Base */ = {isa = PBXFileReference; lastKnownFileType = file.storyboard; name = Base; path = Base.lproj/LaunchScreen.storyboard; sourceTree = "<group>"; };
		C87C58F71F3A62E4008A802C /* Base */ = {isa = PBXFileReference; lastKnownFileType = file.storyboard; name = Base; path = Base.lproj/Main.storyboard; sourceTree = "<group>"; };
		C87C58F81F3A62E4008A802C /* Info.plist */ = {isa = PBXFileReference; fileEncoding = 4; lastKnownFileType = text.plist.xml; path = Info.plist; sourceTree = "<group>"; };
		C87C58FA1F3A62E4008A802C /* ViewController.swift */ = {isa = PBXFileReference; fileEncoding = 4; lastKnownFileType = sourcecode.swift; path = ViewController.swift; sourceTree = "<group>"; };
		C8813A771F3E648B004B8472 /* CircularSlider.swift */ = {isa = PBXFileReference; fileEncoding = 4; lastKnownFileType = sourcecode.swift; path = CircularSlider.swift; sourceTree = "<group>"; };
/* End PBXFileReference section */

/* Begin PBXFrameworksBuildPhase section */
		C877292C1F21625800A411BA /* Frameworks */ = {
			isa = PBXFrameworksBuildPhase;
			buildActionMask = 2147483647;
			files = (
			);
			runOnlyForDeploymentPostprocessing = 0;
		};
/* End PBXFrameworksBuildPhase section */

/* Begin PBXGroup section */
		C87729261F21625800A411BA = {
			isa = PBXGroup;
			children = (
				C87C58F11F3A62E4008A802C /* CircularSlider */,
				C87729301F21625800A411BA /* Products */,
			);
			sourceTree = "<group>";
		};
		C87729301F21625800A411BA /* Products */ = {
			isa = PBXGroup;
			children = (
				C877292F1F21625800A411BA /* CircularSlider.app */,
			);
			name = Products;
			sourceTree = "<group>";
		};
		C87C58F11F3A62E4008A802C /* CircularSlider */ = {
			isa = PBXGroup;
			children = (
				C87C58F21F3A62E4008A802C /* AppDelegate.swift */,
				C87C58F31F3A62E4008A802C /* Assets.xcassets */,
				C87C58F41F3A62E4008A802C /* LaunchScreen.storyboard */,
				C87C58F61F3A62E4008A802C /* Main.storyboard */,
				C87C58F81F3A62E4008A802C /* Info.plist */,
				C8813A771F3E648B004B8472 /* CircularSlider.swift */,
				C87C58FA1F3A62E4008A802C /* ViewController.swift */,
			);
			path = CircularSlider;
			sourceTree = "<group>";
		};
/* End PBXGroup section */

/* Begin PBXNativeTarget section */
		C877292E1F21625800A411BA /* CircularSlider */ = {
			isa = PBXNativeTarget;
			buildConfigurationList = C87729411F21625800A411BA /* Build configuration list for PBXNativeTarget "CircularSlider" */;
			buildPhases = (
				C877292B1F21625800A411BA /* Sources */,
				C877292C1F21625800A411BA /* Frameworks */,
				C877292D1F21625800A411BA /* Resources */,
			);
			buildRules = (
			);
			dependencies = (
			);
			name = CircularSlider;
			productName = VerticalSlider;
			productReference = C877292F1F21625800A411BA /* CircularSlider.app */;
			productType = "com.apple.product-type.application";
		};
/* End PBXNativeTarget section */

/* Begin PBXProject section */
		C87729271F21625800A411BA /* Project object */ = {
			isa = PBXProject;
			attributes = {
				LastSwiftUpdateCheck = 0830;
				LastUpgradeCheck = 0830;
				TargetAttributes = {
					C877292E1F21625800A411BA = {
						CreatedOnToolsVersion = 8.3.3;
						ProvisioningStyle = Automatic;
					};
				};
			};
			buildConfigurationList = C877292A1F21625800A411BA /* Build configuration list for PBXProject "CircularSlider" */;
			compatibilityVersion = "Xcode 3.2";
			developmentRegion = English;
			hasScannedForEncodings = 0;
			knownRegions = (
				en,
				Base,
			);
			mainGroup = C87729261F21625800A411BA;
			productRefGroup = C87729301F21625800A411BA /* Products */;
			projectDirPath = "";
			projectRoot = "";
			targets = (
				C877292E1F21625800A411BA /* CircularSlider */,
			);
		};
/* End PBXProject section */

/* Begin PBXResourcesBuildPhase section */
		C877292D1F21625800A411BA /* Resources */ = {
			isa = PBXResourcesBuildPhase;
			buildActionMask = 2147483647;
			files = (
				C87C58FC1F3A62E4008A802C /* Assets.xcassets in Resources */,
				C87C58FE1F3A62E4008A802C /* Main.storyboard in Resources */,
				C87C58FD1F3A62E4008A802C /* LaunchScreen.storyboard in Resources */,
			);
			runOnlyForDeploymentPostprocessing = 0;
		};
/* End PBXResourcesBuildPhase section */

/* Begin PBXSourcesBuildPhase section */
		C877292B1F21625800A411BA /* Sources */ = {
			isa = PBXSourcesBuildPhase;
			buildActionMask = 2147483647;
			files = (
				C87C59011F3A62E4008A802C /* ViewController.swift in Sources */,
				C87C58FB1F3A62E4008A802C /* AppDelegate.swift in Sources */,
				C8813A781F3E648B004B8472 /* CircularSlider.swift in Sources */,
			);
			runOnlyForDeploymentPostprocessing = 0;
		};
/* End PBXSourcesBuildPhase section */

/* Begin PBXVariantGroup section */
		C87C58F41F3A62E4008A802C /* LaunchScreen.storyboard */ = {
			isa = PBXVariantGroup;
			children = (
				C87C58F51F3A62E4008A802C /* Base */,
			);
			name = LaunchScreen.storyboard;
			sourceTree = "<group>";
		};
		C87C58F61F3A62E4008A802C /* Main.storyboard */ = {
			isa = PBXVariantGroup;
			children = (
				C87C58F71F3A62E4008A802C /* Base */,
			);
			name = Main.storyboard;
			sourceTree = "<group>";
		};
/* End PBXVariantGroup section */

/* Begin XCBuildConfiguration section */
		C877293F1F21625800A411BA /* Debug */ = {
			isa = XCBuildConfiguration;
			buildSettings = {
				ALWAYS_SEARCH_USER_PATHS = NO;
				CLANG_ANALYZER_NONNULL = YES;
				CLANG_ANALYZER_NUMBER_OBJECT_CONVERSION = YES_AGGRESSIVE;
				CLANG_CXX_LANGUAGE_STANDARD = "gnu++0x";
				CLANG_CXX_LIBRARY = "libc++";
				CLANG_ENABLE_MODULES = YES;
				CLANG_ENABLE_OBJC_ARC = YES;
				CLANG_WARN_BOOL_CONVERSION = YES;
				CLANG_WARN_CONSTANT_CONVERSION = YES;
				CLANG_WARN_DIRECT_OBJC_ISA_USAGE = YES_ERROR;
				CLANG_WARN_DOCUMENTATION_COMMENTS = YES;
				CLANG_WARN_EMPTY_BODY = YES;
				CLANG_WARN_ENUM_CONVERSION = YES;
				CLANG_WARN_INFINITE_RECURSION = YES;
				CLANG_WARN_INT_CONVERSION = YES;
				CLANG_WARN_OBJC_ROOT_CLASS = YES_ERROR;
				CLANG_WARN_SUSPICIOUS_MOVE = YES;
				CLANG_WARN_UNREACHABLE_CODE = YES;
				CLANG_WARN__DUPLICATE_METHOD_MATCH = YES;
				"CODE_SIGN_IDENTITY[sdk=iphoneos*]" = "iPhone Developer";
				COPY_PHASE_STRIP = NO;
				DEBUG_INFORMATION_FORMAT = dwarf;
				ENABLE_STRICT_OBJC_MSGSEND = YES;
				ENABLE_TESTABILITY = YES;
				GCC_C_LANGUAGE_STANDARD = gnu99;
				GCC_DYNAMIC_NO_PIC = NO;
				GCC_NO_COMMON_BLOCKS = YES;
				GCC_OPTIMIZATION_LEVEL = 0;
				GCC_PREPROCESSOR_DEFINITIONS = (
					"DEBUG=1",
					"$(inherited)",
				);
				GCC_WARN_64_TO_32_BIT_CONVERSION = YES;
				GCC_WARN_ABOUT_RETURN_TYPE = YES_ERROR;
				GCC_WARN_UNDECLARED_SELECTOR = YES;
				GCC_WARN_UNINITIALIZED_AUTOS = YES_AGGRESSIVE;
				GCC_WARN_UNUSED_FUNCTION = YES;
				GCC_WARN_UNUSED_VARIABLE = YES;
				IPHONEOS_DEPLOYMENT_TARGET = 10.3;
				MTL_ENABLE_DEBUG_INFO = YES;
				ONLY_ACTIVE_ARCH = YES;
				SDKROOT = iphoneos;
				SWIFT_ACTIVE_COMPILATION_CONDITIONS = DEBUG;
				SWIFT_OPTIMIZATION_LEVEL = "-Onone";
				TARGETED_DEVICE_FAMILY = "1,2";
			};
			name = Debug;
		};
		C87729401F21625800A411BA /* Release */ = {
			isa = XCBuildConfiguration;
			buildSettings = {
				ALWAYS_SEARCH_USER_PATHS = NO;
				CLANG_ANALYZER_NONNULL = YES;
				CLANG_ANALYZER_NUMBER_OBJECT_CONVERSION = YES_AGGRESSIVE;
				CLANG_CXX_LANGUAGE_STANDARD = "gnu++0x";
				CLANG_CXX_LIBRARY = "libc++";
				CLANG_ENABLE_MODULES = YES;
				CLANG_ENABLE_OBJC_ARC = YES;
				CLANG_WARN_BOOL_CONVERSION = YES;
				CLANG_WARN_CONSTANT_CONVERSION = YES;
				CLANG_WARN_DIRECT_OBJC_ISA_USAGE = YES_ERROR;
				CLANG_WARN_DOCUMENTATION_COMMENTS = YES;
				CLANG_WARN_EMPTY_BODY = YES;
				CLANG_WARN_ENUM_CONVERSION = YES;
				CLANG_WARN_INFINITE_RECURSION = YES;
				CLANG_WARN_INT_CONVERSION = YES;
				CLANG_WARN_OBJC_ROOT_CLASS = YES_ERROR;
				CLANG_WARN_SUSPICIOUS_MOVE = YES;
				CLANG_WARN_UNREACHABLE_CODE = YES;
				CLANG_WARN__DUPLICATE_METHOD_MATCH = YES;
				"CODE_SIGN_IDENTITY[sdk=iphoneos*]" = "iPhone Developer";
				COPY_PHASE_STRIP = NO;
				DEBUG_INFORMATION_FORMAT = "dwarf-with-dsym";
				ENABLE_NS_ASSERTIONS = NO;
				ENABLE_STRICT_OBJC_MSGSEND = YES;
				GCC_C_LANGUAGE_STANDARD = gnu99;
				GCC_NO_COMMON_BLOCKS = YES;
				GCC_WARN_64_TO_32_BIT_CONVERSION = YES;
				GCC_WARN_ABOUT_RETURN_TYPE = YES_ERROR;
				GCC_WARN_UNDECLARED_SELECTOR = YES;
				GCC_WARN_UNINITIALIZED_AUTOS = YES_AGGRESSIVE;
				GCC_WARN_UNUSED_FUNCTION = YES;
				GCC_WARN_UNUSED_VARIABLE = YES;
				IPHONEOS_DEPLOYMENT_TARGET = 10.3;
				MTL_ENABLE_DEBUG_INFO = NO;
				SDKROOT = iphoneos;
				SWIFT_OPTIMIZATION_LEVEL = "-Owholemodule";
				TARGETED_DEVICE_FAMILY = "1,2";
				VALIDATE_PRODUCT = YES;
			};
			name = Release;
		};
		C87729421F21625800A411BA /* Debug */ = {
			isa = XCBuildConfiguration;
			buildSettings = {
				ASSETCATALOG_COMPILER_APPICON_NAME = AppIcon;
				INFOPLIST_FILE = CircularSlider/Info.plist;
				LD_RUNPATH_SEARCH_PATHS = "$(inherited) @executable_path/Frameworks";
				PRODUCT_BUNDLE_IDENTIFIER = com.swiftnotions.ios.CircularSlider;
				PRODUCT_NAME = "$(TARGET_NAME)";
				SWIFT_VERSION = 3.0;
				TARGETED_DEVICE_FAMILY = 1;
			};
			name = Debug;
		};
		C87729431F21625800A411BA /* Release */ = {
			isa = XCBuildConfiguration;
			buildSettings = {
				ASSETCATALOG_COMPILER_APPICON_NAME = AppIcon;
				INFOPLIST_FILE = CircularSlider/Info.plist;
				LD_RUNPATH_SEARCH_PATHS = "$(inherited) @executable_path/Frameworks";
				PRODUCT_BUNDLE_IDENTIFIER = com.swiftnotions.ios.CircularSlider;
				PRODUCT_NAME = "$(TARGET_NAME)";
				SWIFT_VERSION = 3.0;
				TARGETED_DEVICE_FAMILY = 1;
			};
			name = Release;
		};
/* End XCBuildConfiguration section */

/* Begin XCConfigurationList section */
		C877292A1F21625800A411BA /* Build configuration list for PBXProject "CircularSlider" */ = {
			isa = XCConfigurationList;
			buildConfigurations = (
				C877293F1F21625800A411BA /* Debug */,
				C87729401F21625800A411BA /* Release */,
			);
			defaultConfigurationIsVisible = 0;
			defaultConfigurationName = Release;
		};
		C87729411F21625800A411BA /* Build configuration list for PBXNativeTarget "CircularSlider" */ = {
			isa = XCConfigurationList;
			buildConfigurations = (
				C87729421F21625800A411BA /* Debug */,
				C87729431F21625800A411BA /* Release */,
			);
			defaultConfigurationIsVisible = 0;
			defaultConfigurationName = Release;
		};
/* End XCConfigurationList section */
	};
	rootObject = C87729271F21625800A411BA /* Project object */;
}
